
Microsoft Visual Studio Solution File, Format Version 12.00
# Visual Studio 2015
Project("{FAE04EC0-301F-11D3-BF4B-00C04F79EFBC}") = "DialogueTestCland3stine.CSharp", "DialogueTestCland3stine.CSharp.csproj", "{2A829051-A3A5-8701-D84B-C123511F5619}"
EndProject
Global
	GlobalSection(SolutionConfigurationPlatforms) = preSolution
		Debug|Any CPU = Debug|Any CPU
		Release|Any CPU = Release|Any CPU
	EndGlobalSection
	GlobalSection(ProjectConfigurationPlatforms) = postSolution
		{2A829051-A3A5-8701-D84B-C123511F5619}.Debug|Any CPU.ActiveCfg = Debug|Any CPU
		{2A829051-A3A5-8701-D84B-C123511F5619}.Debug|Any CPU.Build.0 = Debug|Any CPU
		{2A829051-A3A5-8701-D84B-C123511F5619}.Release|Any CPU.ActiveCfg = Release|Any CPU
		{2A829051-A3A5-8701-D84B-C123511F5619}.Release|Any CPU.Build.0 = Release|Any CPU
	EndGlobalSection
	GlobalSection(SolutionProperties) = preSolution
		HideSolutionNode = FALSE
	EndGlobalSection
EndGlobal
